
Microsoft Visual Studio Solution File, Format Version 12.00
# Visual Studio Version 17
VisualStudioVersion = 17.3.32901.215
MinimumVisualStudioVersion = 10.0.40219.1
Project("{FAE04EC0-301F-11D3-BF4B-00C04F79EFBC}") = "CompanyMaster", "CompanyMaster\CompanyMaster.csproj", "{3FA0FCC0-0EC4-47C5-8C3B-7B0256F47FB4}"
EndProject
Global
	GlobalSection(SolutionConfigurationPlatforms) = preSolution
		Debug|Any CPU = Debug|Any CPU
		Release|Any CPU = Release|Any CPU
	EndGlobalSection
	GlobalSection(ProjectConfigurationPlatforms) = postSolution
		{3FA0FCC0-0EC4-47C5-8C3B-7B0256F47FB4}.Debug|Any CPU.ActiveCfg = Debug|Any CPU
		{3FA0FCC0-0EC4-47C5-8C3B-7B0256F47FB4}.Debug|Any CPU.Build.0 = Debug|Any CPU
		{3FA0FCC0-0EC4-47C5-8C3B-7B0256F47FB4}.Release|Any CPU.ActiveCfg = Release|Any CPU
		{3FA0FCC0-0EC4-47C5-8C3B-7B0256F47FB4}.Release|Any CPU.Build.0 = Release|Any CPU
	EndGlobalSection
	GlobalSection(SolutionProperties) = preSolution
		HideSolutionNode = FALSE
	EndGlobalSection
	GlobalSection(ExtensibilityGlobals) = postSolution
		SolutionGuid = {511D5B83-EB6C-4906-9AFD-2890C368835F}
	EndGlobalSection
EndGlobal
